// !$*UTF8*$!
{
	archiveVersion = 1;
	classes = {
	};
	objectVersion = 50;
	objects = {

/* Begin PBXBuildFile section */
		D2219DA224CDD51D005807B7 /* RedditViewController.swift in Sources */ = {isa = PBXBuildFile; fileRef = D2219DA124CDD51D005807B7 /* RedditViewController.swift */; };
		D2219DA524CDD576005807B7 /* RedditAPI.swift in Sources */ = {isa = PBXBuildFile; fileRef = D2219DA424CDD576005807B7 /* RedditAPI.swift */; };
		D2219DA724CDDF90005807B7 /* RedditRequest.swift in Sources */ = {isa = PBXBuildFile; fileRef = D2219DA624CDDF90005807B7 /* RedditRequest.swift */; };
		D2219DAA24CDE0EC005807B7 /* RedditResponse.swift in Sources */ = {isa = PBXBuildFile; fileRef = D2219DA924CDE0EC005807B7 /* RedditResponse.swift */; };
		D2219DB024CDE118005807B7 /* RedditPost.swift in Sources */ = {isa = PBXBuildFile; fileRef = D2219DAF24CDE118005807B7 /* RedditPost.swift */; };
		D244F43424CDE7FB00F3D350 /* RedditViewModel.swift in Sources */ = {isa = PBXBuildFile; fileRef = D244F43324CDE7FB00F3D350 /* RedditViewModel.swift */; };
		D24C584C24CD9A5C00C592D6 /* AppDelegate.swift in Sources */ = {isa = PBXBuildFile; fileRef = D24C584B24CD9A5C00C592D6 /* AppDelegate.swift */; };
		D24C584E24CD9A5C00C592D6 /* SceneDelegate.swift in Sources */ = {isa = PBXBuildFile; fileRef = D24C584D24CD9A5C00C592D6 /* SceneDelegate.swift */; };
		D24C585324CD9A5C00C592D6 /* Main.storyboard in Resources */ = {isa = PBXBuildFile; fileRef = D24C585124CD9A5C00C592D6 /* Main.storyboard */; };
		D24C585524CD9A5E00C592D6 /* Assets.xcassets in Resources */ = {isa = PBXBuildFile; fileRef = D24C585424CD9A5E00C592D6 /* Assets.xcassets */; };
		D24C585824CD9A5E00C592D6 /* LaunchScreen.storyboard in Resources */ = {isa = PBXBuildFile; fileRef = D24C585624CD9A5E00C592D6 /* LaunchScreen.storyboard */; };
		D24C586324CD9A5F00C592D6 /* RedditClientTests.swift in Sources */ = {isa = PBXBuildFile; fileRef = D24C586224CD9A5F00C592D6 /* RedditClientTests.swift */; };
		D2E4173224CE2715009F925B /* DependencyProvider.swift in Sources */ = {isa = PBXBuildFile; fileRef = D2E4173124CE2715009F925B /* DependencyProvider.swift */; };
		D2E4173524CE2F83009F925B /* RedditListingPage.swift in Sources */ = {isa = PBXBuildFile; fileRef = D2E4173424CE2F83009F925B /* RedditListingPage.swift */; };
		D2E4173724CEAA59009F925B /* RedditService.swift in Sources */ = {isa = PBXBuildFile; fileRef = D2E4173624CEAA59009F925B /* RedditService.swift */; };
		D2E4173924CEBE02009F925B /* ReditPostViewNode.swift in Sources */ = {isa = PBXBuildFile; fileRef = D2E4173824CEBE02009F925B /* ReditPostViewNode.swift */; };
		D2E4173B24CED471009F925B /* TableViewExtensions.swift in Sources */ = {isa = PBXBuildFile; fileRef = D2E4173A24CED471009F925B /* TableViewExtensions.swift */; };
		D2E4173D24CED603009F925B /* RedditPostCell.swift in Sources */ = {isa = PBXBuildFile; fileRef = D2E4173C24CED603009F925B /* RedditPostCell.swift */; };
		D2E4173F24CF57B3009F925B /* ImageCache.swift in Sources */ = {isa = PBXBuildFile; fileRef = D2E4173E24CF57B3009F925B /* ImageCache.swift */; };
		D2E4174124CF5A5E009F925B /* ImageLoader.swift in Sources */ = {isa = PBXBuildFile; fileRef = D2E4174024CF5A5D009F925B /* ImageLoader.swift */; };
		D2E4174324CF628B009F925B /* Color.xcassets in Resources */ = {isa = PBXBuildFile; fileRef = D2E4174224CF628B009F925B /* Color.xcassets */; };
		D2E4174524CF6376009F925B /* UIColorExtensions.swift in Sources */ = {isa = PBXBuildFile; fileRef = D2E4174424CF6376009F925B /* UIColorExtensions.swift */; };
		D2E4174A24CF67A2009F925B /* ImageViewController.swift in Sources */ = {isa = PBXBuildFile; fileRef = D2E4174924CF67A2009F925B /* ImageViewController.swift */; };
		D2E4174C24CF68CC009F925B /* UIStoryboardExtensions.swift in Sources */ = {isa = PBXBuildFile; fileRef = D2E4174B24CF68CC009F925B /* UIStoryboardExtensions.swift */; };
/* End PBXBuildFile section */

/* Begin PBXContainerItemProxy section */
		D24C585F24CD9A5F00C592D6 /* PBXContainerItemProxy */ = {
			isa = PBXContainerItemProxy;
			containerPortal = D24C584024CD9A5B00C592D6 /* Project object */;
			proxyType = 1;
			remoteGlobalIDString = D24C584724CD9A5C00C592D6;
			remoteInfo = RedditClient;
		};
/* End PBXContainerItemProxy section */

/* Begin PBXFileReference section */
		D2219DA124CDD51D005807B7 /* RedditViewController.swift */ = {isa = PBXFileReference; lastKnownFileType = sourcecode.swift; path = RedditViewController.swift; sourceTree = "<group>"; };
		D2219DA424CDD576005807B7 /* RedditAPI.swift */ = {isa = PBXFileReference; lastKnownFileType = sourcecode.swift; path = RedditAPI.swift; sourceTree = "<group>"; };
		D2219DA624CDDF90005807B7 /* RedditRequest.swift */ = {isa = PBXFileReference; lastKnownFileType = sourcecode.swift; path = RedditRequest.swift; sourceTree = "<group>"; };
		D2219DA924CDE0EC005807B7 /* RedditResponse.swift */ = {isa = PBXFileReference; lastKnownFileType = sourcecode.swift; path = RedditResponse.swift; sourceTree = "<group>"; };
		D2219DAF24CDE118005807B7 /* RedditPost.swift */ = {isa = PBXFileReference; lastKnownFileType = sourcecode.swift; path = RedditPost.swift; sourceTree = "<group>"; };
		D244F43324CDE7FB00F3D350 /* RedditViewModel.swift */ = {isa = PBXFileReference; lastKnownFileType = sourcecode.swift; path = RedditViewModel.swift; sourceTree = "<group>"; };
		D24C584824CD9A5C00C592D6 /* RedditClient.app */ = {isa = PBXFileReference; explicitFileType = wrapper.application; includeInIndex = 0; path = RedditClient.app; sourceTree = BUILT_PRODUCTS_DIR; };
		D24C584B24CD9A5C00C592D6 /* AppDelegate.swift */ = {isa = PBXFileReference; lastKnownFileType = sourcecode.swift; path = AppDelegate.swift; sourceTree = "<group>"; };
		D24C584D24CD9A5C00C592D6 /* SceneDelegate.swift */ = {isa = PBXFileReference; lastKnownFileType = sourcecode.swift; path = SceneDelegate.swift; sourceTree = "<group>"; };
		D24C585224CD9A5C00C592D6 /* Base */ = {isa = PBXFileReference; lastKnownFileType = file.storyboard; name = Base; path = Base.lproj/Main.storyboard; sourceTree = "<group>"; };
		D24C585424CD9A5E00C592D6 /* Assets.xcassets */ = {isa = PBXFileReference; lastKnownFileType = folder.assetcatalog; path = Assets.xcassets; sourceTree = "<group>"; };
		D24C585724CD9A5E00C592D6 /* Base */ = {isa = PBXFileReference; lastKnownFileType = file.storyboard; name = Base; path = Base.lproj/LaunchScreen.storyboard; sourceTree = "<group>"; };
		D24C585924CD9A5E00C592D6 /* Info.plist */ = {isa = PBXFileReference; lastKnownFileType = text.plist.xml; path = Info.plist; sourceTree = "<group>"; };
		D24C585E24CD9A5F00C592D6 /* RedditClientTests.xctest */ = {isa = PBXFileReference; explicitFileType = wrapper.cfbundle; includeInIndex = 0; path = RedditClientTests.xctest; sourceTree = BUILT_PRODUCTS_DIR; };
		D24C586224CD9A5F00C592D6 /* RedditClientTests.swift */ = {isa = PBXFileReference; lastKnownFileType = sourcecode.swift; path = RedditClientTests.swift; sourceTree = "<group>"; };
		D24C586424CD9A5F00C592D6 /* Info.plist */ = {isa = PBXFileReference; lastKnownFileType = text.plist.xml; path = Info.plist; sourceTree = "<group>"; };
		D2E4173124CE2715009F925B /* DependencyProvider.swift */ = {isa = PBXFileReference; lastKnownFileType = sourcecode.swift; path = DependencyProvider.swift; sourceTree = "<group>"; };
		D2E4173424CE2F83009F925B /* RedditListingPage.swift */ = {isa = PBXFileReference; lastKnownFileType = sourcecode.swift; path = RedditListingPage.swift; sourceTree = "<group>"; };
		D2E4173624CEAA59009F925B /* RedditService.swift */ = {isa = PBXFileReference; lastKnownFileType = sourcecode.swift; path = RedditService.swift; sourceTree = "<group>"; };
		D2E4173824CEBE02009F925B /* ReditPostViewNode.swift */ = {isa = PBXFileReference; lastKnownFileType = sourcecode.swift; path = ReditPostViewNode.swift; sourceTree = "<group>"; };
		D2E4173A24CED471009F925B /* TableViewExtensions.swift */ = {isa = PBXFileReference; lastKnownFileType = sourcecode.swift; path = TableViewExtensions.swift; sourceTree = "<group>"; };
		D2E4173C24CED603009F925B /* RedditPostCell.swift */ = {isa = PBXFileReference; lastKnownFileType = sourcecode.swift; path = RedditPostCell.swift; sourceTree = "<group>"; };
		D2E4173E24CF57B3009F925B /* ImageCache.swift */ = {isa = PBXFileReference; lastKnownFileType = sourcecode.swift; path = ImageCache.swift; sourceTree = "<group>"; };
		D2E4174024CF5A5D009F925B /* ImageLoader.swift */ = {isa = PBXFileReference; lastKnownFileType = sourcecode.swift; path = ImageLoader.swift; sourceTree = "<group>"; };
		D2E4174224CF628B009F925B /* Color.xcassets */ = {isa = PBXFileReference; lastKnownFileType = folder.assetcatalog; path = Color.xcassets; sourceTree = "<group>"; };
		D2E4174424CF6376009F925B /* UIColorExtensions.swift */ = {isa = PBXFileReference; lastKnownFileType = sourcecode.swift; path = UIColorExtensions.swift; sourceTree = "<group>"; };
		D2E4174924CF67A2009F925B /* ImageViewController.swift */ = {isa = PBXFileReference; lastKnownFileType = sourcecode.swift; path = ImageViewController.swift; sourceTree = "<group>"; };
		D2E4174B24CF68CC009F925B /* UIStoryboardExtensions.swift */ = {isa = PBXFileReference; lastKnownFileType = sourcecode.swift; path = UIStoryboardExtensions.swift; sourceTree = "<group>"; };
/* End PBXFileReference section */

/* Begin PBXFrameworksBuildPhase section */
		D24C584524CD9A5C00C592D6 /* Frameworks */ = {
			isa = PBXFrameworksBuildPhase;
			buildActionMask = 2147483647;
			files = (
			);
			runOnlyForDeploymentPostprocessing = 0;
		};
		D24C585B24CD9A5F00C592D6 /* Frameworks */ = {
			isa = PBXFrameworksBuildPhase;
			buildActionMask = 2147483647;
			files = (
			);
			runOnlyForDeploymentPostprocessing = 0;
		};
/* End PBXFrameworksBuildPhase section */

/* Begin PBXGroup section */
		D2219DA324CDD564005807B7 /* ViewControllers */ = {
			isa = PBXGroup;
			children = (
				D2E4174824CF6788009F925B /* RedditViewController */,
				D2E4174924CF67A2009F925B /* ImageViewController.swift */,
			);
			path = ViewControllers;
			sourceTree = "<group>";
		};
		D2219DA824CDDF9A005807B7 /* API */ = {
			isa = PBXGroup;
			children = (
				D2219DA424CDD576005807B7 /* RedditAPI.swift */,
				D2219DA624CDDF90005807B7 /* RedditRequest.swift */,
			);
			path = API;
			sourceTree = "<group>";
		};
		D2219DB124CDE124005807B7 /* Models */ = {
			isa = PBXGroup;
			children = (
				D2219DA924CDE0EC005807B7 /* RedditResponse.swift */,
				D2E4173424CE2F83009F925B /* RedditListingPage.swift */,
				D2219DAF24CDE118005807B7 /* RedditPost.swift */,
			);
			path = Models;
			sourceTree = "<group>";
		};
		D24C583F24CD9A5B00C592D6 = {
			isa = PBXGroup;
			children = (
				D24C584A24CD9A5C00C592D6 /* Sources */,
				D24C586124CD9A5F00C592D6 /* RedditClientTests */,
				D24C584924CD9A5C00C592D6 /* Products */,
			);
			sourceTree = "<group>";
		};
		D24C584924CD9A5C00C592D6 /* Products */ = {
			isa = PBXGroup;
			children = (
				D24C584824CD9A5C00C592D6 /* RedditClient.app */,
				D24C585E24CD9A5F00C592D6 /* RedditClientTests.xctest */,
			);
			name = Products;
			sourceTree = "<group>";
		};
		D24C584A24CD9A5C00C592D6 /* Sources */ = {
			isa = PBXGroup;
			children = (
				D2E4174724CF6714009F925B /* Services */,
				D2E4174624CF6379009F925B /* Extensions */,
				D2219DA324CDD564005807B7 /* ViewControllers */,
				D2219DA824CDDF9A005807B7 /* API */,
				D2E4173324CE2719009F925B /* DI */,
				D2219DB124CDE124005807B7 /* Models */,
				D24C586D24CD9B9000C592D6 /* Supporting Files */,
				D24C584B24CD9A5C00C592D6 /* AppDelegate.swift */,
				D24C584D24CD9A5C00C592D6 /* SceneDelegate.swift */,
				D24C585124CD9A5C00C592D6 /* Main.storyboard */,
			);
			path = Sources;
			sourceTree = "<group>";
		};
		D24C586124CD9A5F00C592D6 /* RedditClientTests */ = {
			isa = PBXGroup;
			children = (
				D24C586224CD9A5F00C592D6 /* RedditClientTests.swift */,
				D24C586424CD9A5F00C592D6 /* Info.plist */,
			);
			path = RedditClientTests;
			sourceTree = "<group>";
		};
		D24C586D24CD9B9000C592D6 /* Supporting Files */ = {
			isa = PBXGroup;
			children = (
				D24C585424CD9A5E00C592D6 /* Assets.xcassets */,
				D24C585624CD9A5E00C592D6 /* LaunchScreen.storyboard */,
				D24C585924CD9A5E00C592D6 /* Info.plist */,
				D2E4174224CF628B009F925B /* Color.xcassets */,
			);
			path = "Supporting Files";
			sourceTree = "<group>";
		};
		D2E4173324CE2719009F925B /* DI */ = {
			isa = PBXGroup;
			children = (
				D2E4173124CE2715009F925B /* DependencyProvider.swift */,
			);
			path = DI;
			sourceTree = "<group>";
		};
		D2E4174624CF6379009F925B /* Extensions */ = {
			isa = PBXGroup;
			children = (
				D2E4173A24CED471009F925B /* TableViewExtensions.swift */,
				D2E4174424CF6376009F925B /* UIColorExtensions.swift */,
				D2E4174B24CF68CC009F925B /* UIStoryboardExtensions.swift */,
			);
			path = Extensions;
			sourceTree = "<group>";
		};
		D2E4174724CF6714009F925B /* Services */ = {
			isa = PBXGroup;
			children = (
				D2E4173624CEAA59009F925B /* RedditService.swift */,
				D2E4173E24CF57B3009F925B /* ImageCache.swift */,
				D2E4174024CF5A5D009F925B /* ImageLoader.swift */,
			);
			path = Services;
			sourceTree = "<group>";
		};
		D2E4174824CF6788009F925B /* RedditViewController */ = {
			isa = PBXGroup;
			children = (
				D2219DA124CDD51D005807B7 /* RedditViewController.swift */,
				D244F43324CDE7FB00F3D350 /* RedditViewModel.swift */,
				D2E4173824CEBE02009F925B /* ReditPostViewNode.swift */,
				D2E4173C24CED603009F925B /* RedditPostCell.swift */,
			);
			path = RedditViewController;
			sourceTree = "<group>";
		};
/* End PBXGroup section */

/* Begin PBXNativeTarget section */
		D24C584724CD9A5C00C592D6 /* RedditClient */ = {
			isa = PBXNativeTarget;
			buildConfigurationList = D24C586724CD9A5F00C592D6 /* Build configuration list for PBXNativeTarget "RedditClient" */;
			buildPhases = (
				D24C584424CD9A5C00C592D6 /* Sources */,
				D24C584524CD9A5C00C592D6 /* Frameworks */,
				D24C584624CD9A5C00C592D6 /* Resources */,
			);
			buildRules = (
			);
			dependencies = (
			);
			name = RedditClient;
			productName = RedditClient;
			productReference = D24C584824CD9A5C00C592D6 /* RedditClient.app */;
			productType = "com.apple.product-type.application";
		};
		D24C585D24CD9A5F00C592D6 /* RedditClientTests */ = {
			isa = PBXNativeTarget;
			buildConfigurationList = D24C586A24CD9A5F00C592D6 /* Build configuration list for PBXNativeTarget "RedditClientTests" */;
			buildPhases = (
				D24C585A24CD9A5F00C592D6 /* Sources */,
				D24C585B24CD9A5F00C592D6 /* Frameworks */,
				D24C585C24CD9A5F00C592D6 /* Resources */,
			);
			buildRules = (
			);
			dependencies = (
				D24C586024CD9A5F00C592D6 /* PBXTargetDependency */,
			);
			name = RedditClientTests;
			productName = RedditClientTests;
			productReference = D24C585E24CD9A5F00C592D6 /* RedditClientTests.xctest */;
			productType = "com.apple.product-type.bundle.unit-test";
		};
/* End PBXNativeTarget section */

/* Begin PBXProject section */
		D24C584024CD9A5B00C592D6 /* Project object */ = {
			isa = PBXProject;
			attributes = {
				LastSwiftUpdateCheck = 1160;
				LastUpgradeCheck = 1160;
				ORGANIZATIONNAME = "Anton Kharchevskyi";
				TargetAttributes = {
					D24C584724CD9A5C00C592D6 = {
						CreatedOnToolsVersion = 11.6;
					};
					D24C585D24CD9A5F00C592D6 = {
						CreatedOnToolsVersion = 11.6;
						TestTargetID = D24C584724CD9A5C00C592D6;
					};
				};
			};
			buildConfigurationList = D24C584324CD9A5B00C592D6 /* Build configuration list for PBXProject "RedditClient" */;
			compatibilityVersion = "Xcode 9.3";
			developmentRegion = en;
			hasScannedForEncodings = 0;
			knownRegions = (
				en,
				Base,
			);
			mainGroup = D24C583F24CD9A5B00C592D6;
			productRefGroup = D24C584924CD9A5C00C592D6 /* Products */;
			projectDirPath = "";
			projectRoot = "";
			targets = (
				D24C584724CD9A5C00C592D6 /* RedditClient */,
				D24C585D24CD9A5F00C592D6 /* RedditClientTests */,
			);
		};
/* End PBXProject section */

/* Begin PBXResourcesBuildPhase section */
		D24C584624CD9A5C00C592D6 /* Resources */ = {
			isa = PBXResourcesBuildPhase;
			buildActionMask = 2147483647;
			files = (
				D24C585824CD9A5E00C592D6 /* LaunchScreen.storyboard in Resources */,
				D2E4174324CF628B009F925B /* Color.xcassets in Resources */,
				D24C585524CD9A5E00C592D6 /* Assets.xcassets in Resources */,
				D24C585324CD9A5C00C592D6 /* Main.storyboard in Resources */,
			);
			runOnlyForDeploymentPostprocessing = 0;
		};
		D24C585C24CD9A5F00C592D6 /* Resources */ = {
			isa = PBXResourcesBuildPhase;
			buildActionMask = 2147483647;
			files = (
			);
			runOnlyForDeploymentPostprocessing = 0;
		};
/* End PBXResourcesBuildPhase section */

/* Begin PBXSourcesBuildPhase section */
		D24C584424CD9A5C00C592D6 /* Sources */ = {
			isa = PBXSourcesBuildPhase;
			buildActionMask = 2147483647;
			files = (
				D2E4173F24CF57B3009F925B /* ImageCache.swift in Sources */,
				D244F43424CDE7FB00F3D350 /* RedditViewModel.swift in Sources */,
				D2E4173924CEBE02009F925B /* ReditPostViewNode.swift in Sources */,
				D2219DA524CDD576005807B7 /* RedditAPI.swift in Sources */,
				D2E4173724CEAA59009F925B /* RedditService.swift in Sources */,
				D2E4174C24CF68CC009F925B /* UIStoryboardExtensions.swift in Sources */,
				D2219DA224CDD51D005807B7 /* RedditViewController.swift in Sources */,
				D2E4174124CF5A5E009F925B /* ImageLoader.swift in Sources */,
				D2E4173524CE2F83009F925B /* RedditListingPage.swift in Sources */,
				D2E4174524CF6376009F925B /* UIColorExtensions.swift in Sources */,
				D2219DAA24CDE0EC005807B7 /* RedditResponse.swift in Sources */,
				D2E4174A24CF67A2009F925B /* ImageViewController.swift in Sources */,
				D2219DA724CDDF90005807B7 /* RedditRequest.swift in Sources */,
				D2219DB024CDE118005807B7 /* RedditPost.swift in Sources */,
				D2E4173D24CED603009F925B /* RedditPostCell.swift in Sources */,
				D2E4173224CE2715009F925B /* DependencyProvider.swift in Sources */,
				D24C584C24CD9A5C00C592D6 /* AppDelegate.swift in Sources */,
				D24C584E24CD9A5C00C592D6 /* SceneDelegate.swift in Sources */,
				D2E4173B24CED471009F925B /* TableViewExtensions.swift in Sources */,
			);
			runOnlyForDeploymentPostprocessing = 0;
		};
		D24C585A24CD9A5F00C592D6 /* Sources */ = {
			isa = PBXSourcesBuildPhase;
			buildActionMask = 2147483647;
			files = (
				D24C586324CD9A5F00C592D6 /* RedditClientTests.swift in Sources */,
			);
			runOnlyForDeploymentPostprocessing = 0;
		};
/* End PBXSourcesBuildPhase section */

/* Begin PBXTargetDependency section */
		D24C586024CD9A5F00C592D6 /* PBXTargetDependency */ = {
			isa = PBXTargetDependency;
			target = D24C584724CD9A5C00C592D6 /* RedditClient */;
			targetProxy = D24C585F24CD9A5F00C592D6 /* PBXContainerItemProxy */;
		};
/* End PBXTargetDependency section */

/* Begin PBXVariantGroup section */
		D24C585124CD9A5C00C592D6 /* Main.storyboard */ = {
			isa = PBXVariantGroup;
			children = (
				D24C585224CD9A5C00C592D6 /* Base */,
			);
			name = Main.storyboard;
			sourceTree = "<group>";
		};
		D24C585624CD9A5E00C592D6 /* LaunchScreen.storyboard */ = {
			isa = PBXVariantGroup;
			children = (
				D24C585724CD9A5E00C592D6 /* Base */,
			);
			name = LaunchScreen.storyboard;
			sourceTree = "<group>";
		};
/* End PBXVariantGroup section */

/* Begin XCBuildConfiguration section */
		D24C586524CD9A5F00C592D6 /* Debug */ = {
			isa = XCBuildConfiguration;
			buildSettings = {
				ALWAYS_SEARCH_USER_PATHS = NO;
				CLANG_ANALYZER_NONNULL = YES;
				CLANG_ANALYZER_NUMBER_OBJECT_CONVERSION = YES_AGGRESSIVE;
				CLANG_CXX_LANGUAGE_STANDARD = "gnu++14";
				CLANG_CXX_LIBRARY = "libc++";
				CLANG_ENABLE_MODULES = YES;
				CLANG_ENABLE_OBJC_ARC = YES;
				CLANG_ENABLE_OBJC_WEAK = YES;
				CLANG_WARN_BLOCK_CAPTURE_AUTORELEASING = YES;
				CLANG_WARN_BOOL_CONVERSION = YES;
				CLANG_WARN_COMMA = YES;
				CLANG_WARN_CONSTANT_CONVERSION = YES;
				CLANG_WARN_DEPRECATED_OBJC_IMPLEMENTATIONS = YES;
				CLANG_WARN_DIRECT_OBJC_ISA_USAGE = YES_ERROR;
				CLANG_WARN_DOCUMENTATION_COMMENTS = YES;
				CLANG_WARN_EMPTY_BODY = YES;
				CLANG_WARN_ENUM_CONVERSION = YES;
				CLANG_WARN_INFINITE_RECURSION = YES;
				CLANG_WARN_INT_CONVERSION = YES;
				CLANG_WARN_NON_LITERAL_NULL_CONVERSION = YES;
				CLANG_WARN_OBJC_IMPLICIT_RETAIN_SELF = YES;
				CLANG_WARN_OBJC_LITERAL_CONVERSION = YES;
				CLANG_WARN_OBJC_ROOT_CLASS = YES_ERROR;
				CLANG_WARN_RANGE_LOOP_ANALYSIS = YES;
				CLANG_WARN_STRICT_PROTOTYPES = YES;
				CLANG_WARN_SUSPICIOUS_MOVE = YES;
				CLANG_WARN_UNGUARDED_AVAILABILITY = YES_AGGRESSIVE;
				CLANG_WARN_UNREACHABLE_CODE = YES;
				CLANG_WARN__DUPLICATE_METHOD_MATCH = YES;
				COPY_PHASE_STRIP = NO;
				DEBUG_INFORMATION_FORMAT = dwarf;
				ENABLE_STRICT_OBJC_MSGSEND = YES;
				ENABLE_TESTABILITY = YES;
				GCC_C_LANGUAGE_STANDARD = gnu11;
				GCC_DYNAMIC_NO_PIC = NO;
				GCC_NO_COMMON_BLOCKS = YES;
				GCC_OPTIMIZATION_LEVEL = 0;
				GCC_PREPROCESSOR_DEFINITIONS = (
					"DEBUG=1",
					"$(inherited)",
				);
				GCC_WARN_64_TO_32_BIT_CONVERSION = YES;
				GCC_WARN_ABOUT_RETURN_TYPE = YES_ERROR;
				GCC_WARN_UNDECLARED_SELECTOR = YES;
				GCC_WARN_UNINITIALIZED_AUTOS = YES_AGGRESSIVE;
				GCC_WARN_UNUSED_FUNCTION = YES;
				GCC_WARN_UNUSED_VARIABLE = YES;
				IPHONEOS_DEPLOYMENT_TARGET = 13.6;
				MTL_ENABLE_DEBUG_INFO = INCLUDE_SOURCE;
				MTL_FAST_MATH = YES;
				ONLY_ACTIVE_ARCH = YES;
				SDKROOT = iphoneos;
				SWIFT_ACTIVE_COMPILATION_CONDITIONS = DEBUG;
				SWIFT_OPTIMIZATION_LEVEL = "-Onone";
			};
			name = Debug;
		};
		D24C586624CD9A5F00C592D6 /* Release */ = {
			isa = XCBuildConfiguration;
			buildSettings = {
				ALWAYS_SEARCH_USER_PATHS = NO;
				CLANG_ANALYZER_NONNULL = YES;
				CLANG_ANALYZER_NUMBER_OBJECT_CONVERSION = YES_AGGRESSIVE;
				CLANG_CXX_LANGUAGE_STANDARD = "gnu++14";
				CLANG_CXX_LIBRARY = "libc++";
				CLANG_ENABLE_MODULES = YES;
				CLANG_ENABLE_OBJC_ARC = YES;
				CLANG_ENABLE_OBJC_WEAK = YES;
				CLANG_WARN_BLOCK_CAPTURE_AUTORELEASING = YES;
				CLANG_WARN_BOOL_CONVERSION = YES;
				CLANG_WARN_COMMA = YES;
				CLANG_WARN_CONSTANT_CONVERSION = YES;
				CLANG_WARN_DEPRECATED_OBJC_IMPLEMENTATIONS = YES;
				CLANG_WARN_DIRECT_OBJC_ISA_USAGE = YES_ERROR;
				CLANG_WARN_DOCUMENTATION_COMMENTS = YES;
				CLANG_WARN_EMPTY_BODY = YES;
				CLANG_WARN_ENUM_CONVERSION = YES;
				CLANG_WARN_INFINITE_RECURSION = YES;
				CLANG_WARN_INT_CONVERSION = YES;
				CLANG_WARN_NON_LITERAL_NULL_CONVERSION = YES;
				CLANG_WARN_OBJC_IMPLICIT_RETAIN_SELF = YES;
				CLANG_WARN_OBJC_LITERAL_CONVERSION = YES;
				CLANG_WARN_OBJC_ROOT_CLASS = YES_ERROR;
				CLANG_WARN_RANGE_LOOP_ANALYSIS = YES;
				CLANG_WARN_STRICT_PROTOTYPES = YES;
				CLANG_WARN_SUSPICIOUS_MOVE = YES;
				CLANG_WARN_UNGUARDED_AVAILABILITY = YES_AGGRESSIVE;
				CLANG_WARN_UNREACHABLE_CODE = YES;
				CLANG_WARN__DUPLICATE_METHOD_MATCH = YES;
				COPY_PHASE_STRIP = NO;
				DEBUG_INFORMATION_FORMAT = "dwarf-with-dsym";
				ENABLE_NS_ASSERTIONS = NO;
				ENABLE_STRICT_OBJC_MSGSEND = YES;
				GCC_C_LANGUAGE_STANDARD = gnu11;
				GCC_NO_COMMON_BLOCKS = YES;
				GCC_WARN_64_TO_32_BIT_CONVERSION = YES;
				GCC_WARN_ABOUT_RETURN_TYPE = YES_ERROR;
				GCC_WARN_UNDECLARED_SELECTOR = YES;
				GCC_WARN_UNINITIALIZED_AUTOS = YES_AGGRESSIVE;
				GCC_WARN_UNUSED_FUNCTION = YES;
				GCC_WARN_UNUSED_VARIABLE = YES;
				IPHONEOS_DEPLOYMENT_TARGET = 13.6;
				MTL_ENABLE_DEBUG_INFO = NO;
				MTL_FAST_MATH = YES;
				SDKROOT = iphoneos;
				SWIFT_COMPILATION_MODE = wholemodule;
				SWIFT_OPTIMIZATION_LEVEL = "-O";
				VALIDATE_PRODUCT = YES;
			};
			name = Release;
		};
		D24C586824CD9A5F00C592D6 /* Debug */ = {
			isa = XCBuildConfiguration;
			buildSettings = {
				ASSETCATALOG_COMPILER_APPICON_NAME = AppIcon;
				CODE_SIGN_STYLE = Automatic;
				DEVELOPMENT_TEAM = BS64L7F579;
				INFOPLIST_FILE = "Sources/Supporting Files/info.plist";
				IPHONEOS_DEPLOYMENT_TARGET = 13.0;
				LD_RUNPATH_SEARCH_PATHS = (
					"$(inherited)",
					"@executable_path/Frameworks",
				);
				PRODUCT_BUNDLE_IDENTIFIER = com.kharchevskyi.RedditClient;
				PRODUCT_NAME = "$(TARGET_NAME)";
				SWIFT_VERSION = 5.0;
				TARGETED_DEVICE_FAMILY = "1,2";
			};
			name = Debug;
		};
		D24C586924CD9A5F00C592D6 /* Release */ = {
			isa = XCBuildConfiguration;
			buildSettings = {
				ASSETCATALOG_COMPILER_APPICON_NAME = AppIcon;
				CODE_SIGN_STYLE = Automatic;
				DEVELOPMENT_TEAM = BS64L7F579;
				INFOPLIST_FILE = "Sources/Supporting Files/info.plist";
				IPHONEOS_DEPLOYMENT_TARGET = 13.0;
				LD_RUNPATH_SEARCH_PATHS = (
					"$(inherited)",
					"@executable_path/Frameworks",
				);
				PRODUCT_BUNDLE_IDENTIFIER = com.kharchevskyi.RedditClient;
				PRODUCT_NAME = "$(TARGET_NAME)";
				SWIFT_VERSION = 5.0;
				TARGETED_DEVICE_FAMILY = "1,2";
			};
			name = Release;
		};
		D24C586B24CD9A5F00C592D6 /* Debug */ = {
			isa = XCBuildConfiguration;
			buildSettings = {
				ALWAYS_EMBED_SWIFT_STANDARD_LIBRARIES = YES;
				BUNDLE_LOADER = "$(TEST_HOST)";
				CODE_SIGN_STYLE = Automatic;
				DEVELOPMENT_TEAM = BS64L7F579;
				INFOPLIST_FILE = RedditClientTests/Info.plist;
				IPHONEOS_DEPLOYMENT_TARGET = 13.6;
				LD_RUNPATH_SEARCH_PATHS = (
					"$(inherited)",
					"@executable_path/Frameworks",
					"@loader_path/Frameworks",
				);
				PRODUCT_BUNDLE_IDENTIFIER = com.kharchevskyi.RedditClientTests;
				PRODUCT_NAME = "$(TARGET_NAME)";
				SWIFT_VERSION = 5.0;
				TARGETED_DEVICE_FAMILY = "1,2";
				TEST_HOST = "$(BUILT_PRODUCTS_DIR)/RedditClient.app/RedditClient";
			};
			name = Debug;
		};
		D24C586C24CD9A5F00C592D6 /* Release */ = {
			isa = XCBuildConfiguration;
			buildSettings = {
				ALWAYS_EMBED_SWIFT_STANDARD_LIBRARIES = YES;
				BUNDLE_LOADER = "$(TEST_HOST)";
				CODE_SIGN_STYLE = Automatic;
				DEVELOPMENT_TEAM = BS64L7F579;
				INFOPLIST_FILE = RedditClientTests/Info.plist;
				IPHONEOS_DEPLOYMENT_TARGET = 13.6;
				LD_RUNPATH_SEARCH_PATHS = (
					"$(inherited)",
					"@executable_path/Frameworks",
					"@loader_path/Frameworks",
				);
				PRODUCT_BUNDLE_IDENTIFIER = com.kharchevskyi.RedditClientTests;
				PRODUCT_NAME = "$(TARGET_NAME)";
				SWIFT_VERSION = 5.0;
				TARGETED_DEVICE_FAMILY = "1,2";
				TEST_HOST = "$(BUILT_PRODUCTS_DIR)/RedditClient.app/RedditClient";
			};
			name = Release;
		};
/* End XCBuildConfiguration section */

/* Begin XCConfigurationList section */
		D24C584324CD9A5B00C592D6 /* Build configuration list for PBXProject "RedditClient" */ = {
			isa = XCConfigurationList;
			buildConfigurations = (
				D24C586524CD9A5F00C592D6 /* Debug */,
				D24C586624CD9A5F00C592D6 /* Release */,
			);
			defaultConfigurationIsVisible = 0;
			defaultConfigurationName = Release;
		};
		D24C586724CD9A5F00C592D6 /* Build configuration list for PBXNativeTarget "RedditClient" */ = {
			isa = XCConfigurationList;
			buildConfigurations = (
				D24C586824CD9A5F00C592D6 /* Debug */,
				D24C586924CD9A5F00C592D6 /* Release */,
			);
			defaultConfigurationIsVisible = 0;
			defaultConfigurationName = Release;
		};
		D24C586A24CD9A5F00C592D6 /* Build configuration list for PBXNativeTarget "RedditClientTests" */ = {
			isa = XCConfigurationList;
			buildConfigurations = (
				D24C586B24CD9A5F00C592D6 /* Debug */,
				D24C586C24CD9A5F00C592D6 /* Release */,
			);
			defaultConfigurationIsVisible = 0;
			defaultConfigurationName = Release;
		};
/* End XCConfigurationList section */
	};
	rootObject = D24C584024CD9A5B00C592D6 /* Project object */;
}
